
Microsoft Visual Studio Solution File, Format Version 12.00
# Visual Studio Version 17
VisualStudioVersion = 17.3.32922.545
MinimumVisualStudioVersion = 10.0.40219.1
Project("{FAE04EC0-301F-11D3-BF4B-00C04F79EFBC}") = "CPW221-Project-eCom", "CPW221-Project-eCom\CPW221-Project-eCom.csproj", "{BF069F6E-0C75-435B-918D-E425B9BB7898}"
EndProject
Global
	GlobalSection(SolutionConfigurationPlatforms) = preSolution
		Debug|Any CPU = Debug|Any CPU
		Release|Any CPU = Release|Any CPU
	EndGlobalSection
	GlobalSection(ProjectConfigurationPlatforms) = postSolution
		{BF069F6E-0C75-435B-918D-E425B9BB7898}.Debug|Any CPU.ActiveCfg = Debug|Any CPU
		{BF069F6E-0C75-435B-918D-E425B9BB7898}.Debug|Any CPU.Build.0 = Debug|Any CPU
		{BF069F6E-0C75-435B-918D-E425B9BB7898}.Release|Any CPU.ActiveCfg = Release|Any CPU
		{BF069F6E-0C75-435B-918D-E425B9BB7898}.Release|Any CPU.Build.0 = Release|Any CPU
	EndGlobalSection
	GlobalSection(SolutionProperties) = preSolution
		HideSolutionNode = FALSE
	EndGlobalSection
	GlobalSection(ExtensibilityGlobals) = postSolution
		SolutionGuid = {5E1CCD7C-A042-4F98-BE28-C28BD3D3E628}
	EndGlobalSection
EndGlobal
